
Microsoft Visual Studio Solution File, Format Version 12.00
# Visual Studio Version 17
VisualStudioVersion = 17.0.31903.59
MinimumVisualStudioVersion = 10.0.40219.1
Project("{2150E333-8FDC-42A3-9474-1A3956D46DE8}") = "src", "src", "{25B71C7D-19CA-4DE5-98C0-DB2F61D85334}"
EndProject
Project("{FAE04EC0-301F-11D3-BF4B-00C04F79EFBC}") = "Movies.Application", "src\Movies.Application\Movies.Application.csproj", "{D000E9FD-6AE2-4435-9276-3515814F125A}"
EndProject
Project("{FAE04EC0-301F-11D3-BF4B-00C04F79EFBC}") = "Movies.Contracts", "src\Movies.Contracts\Movies.Contracts.csproj", "{C0C8DCFF-3894-4188-902C-E35295E1898E}"
EndProject
Project("{FAE04EC0-301F-11D3-BF4B-00C04F79EFBC}") = "Movies.Api", "src\Movies.Api\Movies.Api.csproj", "{2A167F0A-98DC-44DA-8D11-CDEA3691563E}"
EndProject
Global
	GlobalSection(SolutionConfigurationPlatforms) = preSolution
		Debug|Any CPU = Debug|Any CPU
		Release|Any CPU = Release|Any CPU
	EndGlobalSection
	GlobalSection(ProjectConfigurationPlatforms) = postSolution
		{D000E9FD-6AE2-4435-9276-3515814F125A}.Debug|Any CPU.ActiveCfg = Debug|Any CPU
		{D000E9FD-6AE2-4435-9276-3515814F125A}.Debug|Any CPU.Build.0 = Debug|Any CPU
		{D000E9FD-6AE2-4435-9276-3515814F125A}.Release|Any CPU.ActiveCfg = Release|Any CPU
		{D000E9FD-6AE2-4435-9276-3515814F125A}.Release|Any CPU.Build.0 = Release|Any CPU
		{C0C8DCFF-3894-4188-902C-E35295E1898E}.Debug|Any CPU.ActiveCfg = Debug|Any CPU
		{C0C8DCFF-3894-4188-902C-E35295E1898E}.Debug|Any CPU.Build.0 = Debug|Any CPU
		{C0C8DCFF-3894-4188-902C-E35295E1898E}.Release|Any CPU.ActiveCfg = Release|Any CPU
		{C0C8DCFF-3894-4188-902C-E35295E1898E}.Release|Any CPU.Build.0 = Release|Any CPU
		{2A167F0A-98DC-44DA-8D11-CDEA3691563E}.Debug|Any CPU.ActiveCfg = Debug|Any CPU
		{2A167F0A-98DC-44DA-8D11-CDEA3691563E}.Debug|Any CPU.Build.0 = Debug|Any CPU
		{2A167F0A-98DC-44DA-8D11-CDEA3691563E}.Release|Any CPU.ActiveCfg = Release|Any CPU
		{2A167F0A-98DC-44DA-8D11-CDEA3691563E}.Release|Any CPU.Build.0 = Release|Any CPU
	EndGlobalSection
	GlobalSection(SolutionProperties) = preSolution
		HideSolutionNode = FALSE
	EndGlobalSection
	GlobalSection(NestedProjects) = preSolution
		{D000E9FD-6AE2-4435-9276-3515814F125A} = {25B71C7D-19CA-4DE5-98C0-DB2F61D85334}
		{C0C8DCFF-3894-4188-902C-E35295E1898E} = {25B71C7D-19CA-4DE5-98C0-DB2F61D85334}
		{2A167F0A-98DC-44DA-8D11-CDEA3691563E} = {25B71C7D-19CA-4DE5-98C0-DB2F61D85334}
	EndGlobalSection
EndGlobal
